{
  "name": "@calp-pro/honeypot-is",
  "version": "1.0.22",
  "lockfileVersion": 3,
  "requires": true,
  "packages": {
    "": {
      "name": "@calp-pro/honeypot-is",
      "version": "1.0.22",
      "license": "MIT",
      "dependencies": {
        "@calp-pro/dex-db": "^2.0.4",
        "defiswap-dump": "^1.0.3",
        "ethervista-dump": "^1.0.1",
        "pancakeswap-dump": "^1.0.17",
        "radioshack-dump": "^1.0.2",
        "shibaswap-dump": "^1.0.3",
        "sushiswap-dump": "^1.0.7",
        "uniswap-v2-dump": "^3.0.60"
      }
    },
    "node_modules/@calp-pro/dex-db": {
      "version": "2.0.4",
      "resolved": "https://registry.npmjs.org/@calp-pro/dex-db/-/dex-db-2.0.4.tgz",
      "integrity": "sha512-QA2DJ1uz8SKtmO22rTwwtDxKXOZ41XYhU219/d+Ab/hrL0xkcr2VCbCKE3wEYovBDO836LLCWqrUIJDu6GfVXw==",
      "license": "MIT"
    },
    "node_modules/defiswap-dump": {
      "version": "1.0.3",
      "resolved": "https://registry.npmjs.org/defiswap-dump/-/defiswap-dump-1.0.3.tgz",
      "integrity": "sha512-NTEzCYwKBSiVpmjjcDRvRpzcfJIefcQwtS6Hp4SWQtOIam4yWrLvErl7g1pGWlfSHdsaFauoUoYwSwzGk03qmg==",
      "license": "MIT",
      "dependencies": {
        "uniswap-v2-loader": "^6.1.3"
      }
    },
    "node_modules/ethervista-dump": {
      "version": "1.0.1",
      "resolved": "https://registry.npmjs.org/ethervista-dump/-/ethervista-dump-1.0.1.tgz",
      "integrity": "sha512-q9nPGIEcMf7qhL5TKJ25kd80Gf95X0a54LGJ41HVtJQq4xy1SPFv8ipYS2TiZ5RIlgZ3iZbhUYTs///RcGOlrw==",
      "license": "MIT",
      "dependencies": {
        "uniswap-v2-loader": "^6.1.3"
      }
    },
    "node_modules/pancakeswap-dump": {
      "version": "1.0.17",
      "resolved": "https://registry.npmjs.org/pancakeswap-dump/-/pancakeswap-dump-1.0.17.tgz",
      "integrity": "sha512-HkD/dGaEXD697BM310T/NNfPxJPkOPi+K1ROqmKOOT/BA2m35OJov9SZhu6lMUXzdsMFis4dfLXBzD0+yalDzA==",
      "license": "MIT",
      "dependencies": {
        "uniswap-v2-loader": "^6.1.3"
      }
    },
    "node_modules/radioshack-dump": {
      "version": "1.0.2",
      "resolved": "https://registry.npmjs.org/radioshack-dump/-/radioshack-dump-1.0.2.tgz",
      "integrity": "sha512-wRfPFimR9GTaeLFCDJBXx5k79o5UTxic3HgQ9XeGQhR5aOa75GAVwgHXIt/iihXYfEJMfgymQ72fkwdx9Zod8w==",
      "license": "MIT",
      "dependencies": {
        "uniswap-v2-loader": "^6.1.3"
      }
    },
    "node_modules/shibaswap-dump": {
      "version": "1.0.3",
      "resolved": "https://registry.npmjs.org/shibaswap-dump/-/shibaswap-dump-1.0.3.tgz",
      "integrity": "sha512-NZSSIOAdpLVOvREJiDAkuWYsrgO4+29ii17z+3HpFlf3yoHHkvKC6t7oTn7pg5HQHbHhmYLZHfe82XtTgOmlRQ==",
      "license": "MIT",
      "dependencies": {
        "uniswap-v2-loader": "^6.1.3"
      }
    },
    "node_modules/sushiswap-dump": {
      "version": "1.0.7",
      "resolved": "https://registry.npmjs.org/sushiswap-dump/-/sushiswap-dump-1.0.7.tgz",
      "integrity": "sha512-lDCtI1ElQRAE2+yUJPGqhFIfQJFaRM0hVVoukHFpQgjxj72stL/6tN8SCjziBbgHl25RKOWkvEFo8vgkkB0GvQ==",
      "license": "MIT",
      "dependencies": {
        "uniswap-v2-loader": "^6.1.3"
      }
    },
    "node_modules/uniswap-v2-dump": {
      "version": "3.0.60",
      "resolved": "https://registry.npmjs.org/uniswap-v2-dump/-/uniswap-v2-dump-3.0.60.tgz",
      "integrity": "sha512-ELyGG9w71DAcr/xqa8NqvtX/uYTZpJ/RCYvKmVHpu0CmZrPn7QWYn3RxDPbVaEGKywIfYD+9oH3kZBwx4WDoVg==",
      "license": "MIT",
      "dependencies": {
        "uniswap-v2-loader": "^6.1.3"
      }
    },
    "node_modules/uniswap-v2-loader": {
      "version": "6.1.3",
      "resolved": "https://registry.npmjs.org/uniswap-v2-loader/-/uniswap-v2-loader-6.1.3.tgz",
      "integrity": "sha512-AaL/41UogNPFBtSRr2/yz3ciJ4WU91uRfuLbX+mjupKoozwnQYD4aLw4eXHb3BOYHiPEgW+L/w6BEdk82rL1zg==",
      "license": "MIT",
      "dependencies": {
        "@calp-pro/dex-db": "^2.0.4"
      },
      "bin": {
        "uniswap-v2-loader": "src/uniswap-v2-loader"
      }
    }
  }
}
